
Microsoft Visual Studio Solution File, Format Version 12.00
Project("{FAE04EC0-301F-11D3-BF4B-00C04F79EFBC}") = "events", "..\microservices\events\events.csproj", "{6DF17E07-E777-4B13-95FA-59699E0DD9D9}"
EndProject
Project("{FAE04EC0-301F-11D3-BF4B-00C04F79EFBC}") = "proxy", "..\microservices\proxy\proxy.csproj", "{A26425E8-A4C1-4BD7-B68F-A182C2D364CF}"
EndProject
Global
	GlobalSection(SolutionConfigurationPlatforms) = preSolution
		Debug|Any CPU = Debug|Any CPU
		Release|Any CPU = Release|Any CPU
	EndGlobalSection
	GlobalSection(ProjectConfigurationPlatforms) = postSolution
		{6DF17E07-E777-4B13-95FA-59699E0DD9D9}.Debug|Any CPU.ActiveCfg = Debug|Any CPU
		{6DF17E07-E777-4B13-95FA-59699E0DD9D9}.Debug|Any CPU.Build.0 = Debug|Any CPU
		{6DF17E07-E777-4B13-95FA-59699E0DD9D9}.Release|Any CPU.ActiveCfg = Release|Any CPU
		{6DF17E07-E777-4B13-95FA-59699E0DD9D9}.Release|Any CPU.Build.0 = Release|Any CPU
		{A26425E8-A4C1-4BD7-B68F-A182C2D364CF}.Debug|Any CPU.ActiveCfg = Debug|Any CPU
		{A26425E8-A4C1-4BD7-B68F-A182C2D364CF}.Debug|Any CPU.Build.0 = Debug|Any CPU
		{A26425E8-A4C1-4BD7-B68F-A182C2D364CF}.Release|Any CPU.ActiveCfg = Release|Any CPU
		{A26425E8-A4C1-4BD7-B68F-A182C2D364CF}.Release|Any CPU.Build.0 = Release|Any CPU
	EndGlobalSection
EndGlobal
